
Microsoft Visual Studio Solution File, Format Version 12.00
# Visual Studio Version 16
VisualStudioVersion = 16.0.31613.86
MinimumVisualStudioVersion = 10.0.40219.1
Project("{FAE04EC0-301F-11D3-BF4B-00C04F79EFBC}") = "temp_base", "temp_base\temp_base.csproj", "{6328B617-B5C4-4169-B2F1-6F50B1801B84}"
EndProject
Global
	GlobalSection(SolutionConfigurationPlatforms) = preSolution
		Debug|Any CPU = Debug|Any CPU
		Release|Any CPU = Release|Any CPU
	EndGlobalSection
	GlobalSection(ProjectConfigurationPlatforms) = postSolution
		{6328B617-B5C4-4169-B2F1-6F50B1801B84}.Debug|Any CPU.ActiveCfg = Debug|Any CPU
		{6328B617-B5C4-4169-B2F1-6F50B1801B84}.Debug|Any CPU.Build.0 = Debug|Any CPU
		{6328B617-B5C4-4169-B2F1-6F50B1801B84}.Release|Any CPU.ActiveCfg = Release|Any CPU
		{6328B617-B5C4-4169-B2F1-6F50B1801B84}.Release|Any CPU.Build.0 = Release|Any CPU
	EndGlobalSection
	GlobalSection(SolutionProperties) = preSolution
		HideSolutionNode = FALSE
	EndGlobalSection
	GlobalSection(ExtensibilityGlobals) = postSolution
		SolutionGuid = {F8435E21-53BD-472D-A97A-50273EFEFE83}
	EndGlobalSection
EndGlobal
